
Microsoft Visual Studio Solution File, Format Version 12.00
# Visual Studio Version 17
VisualStudioVersion = 17.8.34525.116
MinimumVisualStudioVersion = 10.0.40219.1
Project("{FAE04EC0-301F-11D3-BF4B-00C04F79EFBC}") = "SmartExam.API", "SmartExam.API\SmartExam.API.csproj", "{25A39C00-AA27-4A37-90B4-0BE5866F205E}"
EndProject
Project("{FAE04EC0-301F-11D3-BF4B-00C04F79EFBC}") = "SmartExam.Domain", "SmartExam.Domain\SmartExam.Domain.csproj", "{205EC255-1B01-4929-AB44-EB53504C678D}"
EndProject
Project("{FAE04EC0-301F-11D3-BF4B-00C04F79EFBC}") = "SmartExam.Application", "SmartExam.Application\SmartExam.Application.csproj", "{37C4831E-C749-4967-A5D5-C020E7A14993}"
EndProject
Project("{FAE04EC0-301F-11D3-BF4B-00C04F79EFBC}") = "SmartExam.Infrastructure", "SmartExam.Infrastructure\SmartExam.Infrastructure.csproj", "{F90587EB-C215-472B-B43F-0ABF23EEA5FD}"
EndProject
Global
	GlobalSection(SolutionConfigurationPlatforms) = preSolution
		Debug|Any CPU = Debug|Any CPU
		Release|Any CPU = Release|Any CPU
	EndGlobalSection
	GlobalSection(ProjectConfigurationPlatforms) = postSolution
		{25A39C00-AA27-4A37-90B4-0BE5866F205E}.Debug|Any CPU.ActiveCfg = Debug|Any CPU
		{25A39C00-AA27-4A37-90B4-0BE5866F205E}.Debug|Any CPU.Build.0 = Debug|Any CPU
		{25A39C00-AA27-4A37-90B4-0BE5866F205E}.Release|Any CPU.ActiveCfg = Release|Any CPU
		{25A39C00-AA27-4A37-90B4-0BE5866F205E}.Release|Any CPU.Build.0 = Release|Any CPU
		{205EC255-1B01-4929-AB44-EB53504C678D}.Debug|Any CPU.ActiveCfg = Debug|Any CPU
		{205EC255-1B01-4929-AB44-EB53504C678D}.Debug|Any CPU.Build.0 = Debug|Any CPU
		{205EC255-1B01-4929-AB44-EB53504C678D}.Release|Any CPU.ActiveCfg = Release|Any CPU
		{205EC255-1B01-4929-AB44-EB53504C678D}.Release|Any CPU.Build.0 = Release|Any CPU
		{37C4831E-C749-4967-A5D5-C020E7A14993}.Debug|Any CPU.ActiveCfg = Debug|Any CPU
		{37C4831E-C749-4967-A5D5-C020E7A14993}.Debug|Any CPU.Build.0 = Debug|Any CPU
		{37C4831E-C749-4967-A5D5-C020E7A14993}.Release|Any CPU.ActiveCfg = Release|Any CPU
		{37C4831E-C749-4967-A5D5-C020E7A14993}.Release|Any CPU.Build.0 = Release|Any CPU
		{F90587EB-C215-472B-B43F-0ABF23EEA5FD}.Debug|Any CPU.ActiveCfg = Debug|Any CPU
		{F90587EB-C215-472B-B43F-0ABF23EEA5FD}.Debug|Any CPU.Build.0 = Debug|Any CPU
		{F90587EB-C215-472B-B43F-0ABF23EEA5FD}.Release|Any CPU.ActiveCfg = Release|Any CPU
		{F90587EB-C215-472B-B43F-0ABF23EEA5FD}.Release|Any CPU.Build.0 = Release|Any CPU
	EndGlobalSection
	GlobalSection(SolutionProperties) = preSolution
		HideSolutionNode = FALSE
	EndGlobalSection
	GlobalSection(ExtensibilityGlobals) = postSolution
		SolutionGuid = {C7F625C2-465E-48F9-BF0A-A57A8E4856C0}
	EndGlobalSection
EndGlobal
